PODS:
  - PSUIImageAllInOne (0.1.0)

DEPENDENCIES:
  - PSUIImageAllInOne (from `../`)

EXTERNAL SOURCES:
  PSUIImageAllInOne:
    :path: "../"

SPEC CHECKSUMS:
  PSUIImageAllInOne: 6ce1cdf34f321865bcb85d22536f8348dcf91262

PODFILE CHECKSUM: 5182d841c823dda5a87d4b97efb04655d156430c

COCOAPODS: 1.7.5
